
Microsoft Visual Studio Solution File, Format Version 12.00
# Visual Studio 14
VisualStudioVersion = 14.0.23107.0
MinimumVisualStudioVersion = 10.0.40219.1
Project("{FAE04EC0-301F-11D3-BF4B-00C04F79EFBC}") = "01. Book Problem", "1. Book Problem\01. Book Problem.csproj", "{883FF8C8-0C1F-4D40-A8E4-F958F5BC89AF}"
EndProject
Project("{FAE04EC0-301F-11D3-BF4B-00C04F79EFBC}") = "02. Chessboard Game", "02. Chessboard Game\02. Chessboard Game.csproj", "{324F03AD-D4AE-420E-809D-1C6DAA847FE6}"
EndProject
Project("{FAE04EC0-301F-11D3-BF4B-00C04F79EFBC}") = "03. King Of Thieves", "03. King Of Thieves\03. King Of Thieves.csproj", "{7BB90FB6-4D66-44E1-A058-B528ACD3781E}"
EndProject
Project("{FAE04EC0-301F-11D3-BF4B-00C04F79EFBC}") = "04. Decrypt The Messages", "04. Decrypt The Messages\04. Decrypt The Messages.csproj", "{47A910A8-BA62-4FC3-BB24-77D71829568F}"
EndProject
Global
	GlobalSection(SolutionConfigurationPlatforms) = preSolution
		Debug|Any CPU = Debug|Any CPU
		Release|Any CPU = Release|Any CPU
	EndGlobalSection
	GlobalSection(ProjectConfigurationPlatforms) = postSolution
		{883FF8C8-0C1F-4D40-A8E4-F958F5BC89AF}.Debug|Any CPU.ActiveCfg = Debug|Any CPU
		{883FF8C8-0C1F-4D40-A8E4-F958F5BC89AF}.Debug|Any CPU.Build.0 = Debug|Any CPU
		{883FF8C8-0C1F-4D40-A8E4-F958F5BC89AF}.Release|Any CPU.ActiveCfg = Release|Any CPU
		{883FF8C8-0C1F-4D40-A8E4-F958F5BC89AF}.Release|Any CPU.Build.0 = Release|Any CPU
		{324F03AD-D4AE-420E-809D-1C6DAA847FE6}.Debug|Any CPU.ActiveCfg = Debug|Any CPU
		{324F03AD-D4AE-420E-809D-1C6DAA847FE6}.Debug|Any CPU.Build.0 = Debug|Any CPU
		{324F03AD-D4AE-420E-809D-1C6DAA847FE6}.Release|Any CPU.ActiveCfg = Release|Any CPU
		{324F03AD-D4AE-420E-809D-1C6DAA847FE6}.Release|Any CPU.Build.0 = Release|Any CPU
		{7BB90FB6-4D66-44E1-A058-B528ACD3781E}.Debug|Any CPU.ActiveCfg = Debug|Any CPU
		{7BB90FB6-4D66-44E1-A058-B528ACD3781E}.Debug|Any CPU.Build.0 = Debug|Any CPU
		{7BB90FB6-4D66-44E1-A058-B528ACD3781E}.Release|Any CPU.ActiveCfg = Release|Any CPU
		{7BB90FB6-4D66-44E1-A058-B528ACD3781E}.Release|Any CPU.Build.0 = Release|Any CPU
		{47A910A8-BA62-4FC3-BB24-77D71829568F}.Debug|Any CPU.ActiveCfg = Debug|Any CPU
		{47A910A8-BA62-4FC3-BB24-77D71829568F}.Debug|Any CPU.Build.0 = Debug|Any CPU
		{47A910A8-BA62-4FC3-BB24-77D71829568F}.Release|Any CPU.ActiveCfg = Release|Any CPU
		{47A910A8-BA62-4FC3-BB24-77D71829568F}.Release|Any CPU.Build.0 = Release|Any CPU
	EndGlobalSection
	GlobalSection(SolutionProperties) = preSolution
		HideSolutionNode = FALSE
	EndGlobalSection
EndGlobal
